
Microsoft Visual Studio Solution File, Format Version 12.00
# Visual Studio Version 17
VisualStudioVersion = 17.9.34622.214
MinimumVisualStudioVersion = 10.0.40219.1
Project("{FAE04EC0-301F-11D3-BF4B-00C04F79EFBC}") = "DueMgtSystem", "DueMgtSystem\DueMgtSystem.csproj", "{37F58ECE-0A0C-4231-9CBA-2371E65A3D15}"
EndProject
Global
	GlobalSection(SolutionConfigurationPlatforms) = preSolution
		Debug|Any CPU = Debug|Any CPU
		Release|Any CPU = Release|Any CPU
	EndGlobalSection
	GlobalSection(ProjectConfigurationPlatforms) = postSolution
		{37F58ECE-0A0C-4231-9CBA-2371E65A3D15}.Debug|Any CPU.ActiveCfg = Debug|Any CPU
		{37F58ECE-0A0C-4231-9CBA-2371E65A3D15}.Debug|Any CPU.Build.0 = Debug|Any CPU
		{37F58ECE-0A0C-4231-9CBA-2371E65A3D15}.Release|Any CPU.ActiveCfg = Release|Any CPU
		{37F58ECE-0A0C-4231-9CBA-2371E65A3D15}.Release|Any CPU.Build.0 = Release|Any CPU
	EndGlobalSection
	GlobalSection(SolutionProperties) = preSolution
		HideSolutionNode = FALSE
	EndGlobalSection
	GlobalSection(ExtensibilityGlobals) = postSolution
		SolutionGuid = {1892FB53-AFEC-4C0C-B690-77A13BC8042D}
	EndGlobalSection
EndGlobal
